
Microsoft Visual Studio Solution File, Format Version 12.00
# Visual Studio Version 17
VisualStudioVersion = 17.12.35527.113
MinimumVisualStudioVersion = 10.0.40219.1
Project("{2150E333-8FDC-42A3-9474-1A3956D46DE8}") = "FrontEnd", "FrontEnd", "{367CD7F9-D461-42D8-9DC0-DC673A8B23BA}"
EndProject
Project("{2150E333-8FDC-42A3-9474-1A3956D46DE8}") = "Gateway", "Gateway", "{1C621D5A-4C5C-4E3C-8A5D-9A6BD6C45588}"
EndProject
Project("{2150E333-8FDC-42A3-9474-1A3956D46DE8}") = "Integration", "Integration", "{750E99F8-392E-4B01-8507-6DCFD4186564}"
EndProject
Project("{2150E333-8FDC-42A3-9474-1A3956D46DE8}") = "Services", "Services", "{BB2EDC62-6294-4E0D-B605-EF24AF2B5BA4}"
EndProject
Project("{FAE04EC0-301F-11D3-BF4B-00C04F79EFBC}") = "ServiceMesh.Services.CouponAPI", "ServiceMesh.Services.CouponAPI\ServiceMesh.Services.CouponAPI.csproj", "{44295F1F-427A-49C9-AC40-4803F457309D}"
EndProject
Global
	GlobalSection(SolutionConfigurationPlatforms) = preSolution
		Debug|Any CPU = Debug|Any CPU
		Release|Any CPU = Release|Any CPU
	EndGlobalSection
	GlobalSection(ProjectConfigurationPlatforms) = postSolution
		{44295F1F-427A-49C9-AC40-4803F457309D}.Debug|Any CPU.ActiveCfg = Debug|Any CPU
		{44295F1F-427A-49C9-AC40-4803F457309D}.Debug|Any CPU.Build.0 = Debug|Any CPU
		{44295F1F-427A-49C9-AC40-4803F457309D}.Release|Any CPU.ActiveCfg = Release|Any CPU
		{44295F1F-427A-49C9-AC40-4803F457309D}.Release|Any CPU.Build.0 = Release|Any CPU
	EndGlobalSection
	GlobalSection(SolutionProperties) = preSolution
		HideSolutionNode = FALSE
	EndGlobalSection
	GlobalSection(NestedProjects) = preSolution
		{44295F1F-427A-49C9-AC40-4803F457309D} = {BB2EDC62-6294-4E0D-B605-EF24AF2B5BA4}
	EndGlobalSection
EndGlobal
