
Microsoft Visual Studio Solution File, Format Version 12.00
# Visual Studio Version 17
VisualStudioVersion = 17.12.35527.113
MinimumVisualStudioVersion = 10.0.40219.1
Project("{2150E333-8FDC-42A3-9474-1A3956D46DE8}") = "FrontEnd", "FrontEnd", "{367CD7F9-D461-42D8-9DC0-DC673A8B23BA}"
EndProject
Project("{2150E333-8FDC-42A3-9474-1A3956D46DE8}") = "Gateway", "Gateway", "{1C621D5A-4C5C-4E3C-8A5D-9A6BD6C45588}"
EndProject
Project("{2150E333-8FDC-42A3-9474-1A3956D46DE8}") = "Integration", "Integration", "{750E99F8-392E-4B01-8507-6DCFD4186564}"
EndProject
Project("{2150E333-8FDC-42A3-9474-1A3956D46DE8}") = "Services", "Services", "{BB2EDC62-6294-4E0D-B605-EF24AF2B5BA4}"
EndProject
Project("{9A19103F-16F7-4668-BE54-9A1E7A4F7556}") = "ServiceMesh.Services.CouponAPI", "ServiceMesh.Services.CouponAPI\ServiceMesh.Services.CouponAPI.csproj", "{44295F1F-427A-49C9-AC40-4803F457309D}"
EndProject
Project("{9A19103F-16F7-4668-BE54-9A1E7A4F7556}") = "ServiceMesh.Web", "ServiceMesh.Web\ServiceMesh.Web.csproj", "{8F2A9948-2001-4283-B139-40A2756993D3}"
EndProject
Project("{9A19103F-16F7-4668-BE54-9A1E7A4F7556}") = "ServiceMesh.Services.AuthAPI", "ServiceMesh.Services.AuthAPI\ServiceMesh.Services.AuthAPI.csproj", "{281C301D-24C9-455D-BEE5-73C022F63492}"
EndProject
Project("{9A19103F-16F7-4668-BE54-9A1E7A4F7556}") = "ServiceMesh.Services.ProductAPI", "ServiceMesh.Services.ProductAPI\ServiceMesh.Services.ProductAPI.csproj", "{CE580584-AF08-4150-8C0C-7DFCD6A70EC9}"
EndProject
Project("{FAE04EC0-301F-11D3-BF4B-00C04F79EFBC}") = "ServiceMesh.Services.ShoppingCartAPI", "ServiceMesh.Services.ShoppingCartAPI\ServiceMesh.Services.ShoppingCartAPI.csproj", "{C96F85C9-11AE-49E7-A83C-8A4754704BEB}"
EndProject
Project("{FAE04EC0-301F-11D3-BF4B-00C04F79EFBC}") = "ServiceMesh.MessageBus", "ServiceMesh.MessageBus\ServiceMesh.MessageBus.csproj", "{D08051E8-4BAC-451B-AF36-01BB330FC58A}"
EndProject
Project("{FAE04EC0-301F-11D3-BF4B-00C04F79EFBC}") = "ServiceMesh.Services.EmailAPI", "ServiceMesh.Services.EmailAPI\ServiceMesh.Services.EmailAPI.csproj", "{81BC4EFD-8ECE-4C5D-9A4A-1E320475875F}"
EndProject
Global
	GlobalSection(SolutionConfigurationPlatforms) = preSolution
		Debug|Any CPU = Debug|Any CPU
		Release|Any CPU = Release|Any CPU
	EndGlobalSection
	GlobalSection(ProjectConfigurationPlatforms) = postSolution
		{44295F1F-427A-49C9-AC40-4803F457309D}.Debug|Any CPU.ActiveCfg = Debug|Any CPU
		{44295F1F-427A-49C9-AC40-4803F457309D}.Debug|Any CPU.Build.0 = Debug|Any CPU
		{44295F1F-427A-49C9-AC40-4803F457309D}.Release|Any CPU.ActiveCfg = Release|Any CPU
		{44295F1F-427A-49C9-AC40-4803F457309D}.Release|Any CPU.Build.0 = Release|Any CPU
		{8F2A9948-2001-4283-B139-40A2756993D3}.Debug|Any CPU.ActiveCfg = Debug|Any CPU
		{8F2A9948-2001-4283-B139-40A2756993D3}.Debug|Any CPU.Build.0 = Debug|Any CPU
		{8F2A9948-2001-4283-B139-40A2756993D3}.Release|Any CPU.ActiveCfg = Release|Any CPU
		{8F2A9948-2001-4283-B139-40A2756993D3}.Release|Any CPU.Build.0 = Release|Any CPU
		{281C301D-24C9-455D-BEE5-73C022F63492}.Debug|Any CPU.ActiveCfg = Debug|Any CPU
		{281C301D-24C9-455D-BEE5-73C022F63492}.Debug|Any CPU.Build.0 = Debug|Any CPU
		{281C301D-24C9-455D-BEE5-73C022F63492}.Release|Any CPU.ActiveCfg = Release|Any CPU
		{281C301D-24C9-455D-BEE5-73C022F63492}.Release|Any CPU.Build.0 = Release|Any CPU
		{CE580584-AF08-4150-8C0C-7DFCD6A70EC9}.Debug|Any CPU.ActiveCfg = Debug|Any CPU
		{CE580584-AF08-4150-8C0C-7DFCD6A70EC9}.Debug|Any CPU.Build.0 = Debug|Any CPU
		{CE580584-AF08-4150-8C0C-7DFCD6A70EC9}.Release|Any CPU.ActiveCfg = Release|Any CPU
		{CE580584-AF08-4150-8C0C-7DFCD6A70EC9}.Release|Any CPU.Build.0 = Release|Any CPU
		{C96F85C9-11AE-49E7-A83C-8A4754704BEB}.Debug|Any CPU.ActiveCfg = Debug|Any CPU
		{C96F85C9-11AE-49E7-A83C-8A4754704BEB}.Debug|Any CPU.Build.0 = Debug|Any CPU
		{C96F85C9-11AE-49E7-A83C-8A4754704BEB}.Release|Any CPU.ActiveCfg = Release|Any CPU
		{C96F85C9-11AE-49E7-A83C-8A4754704BEB}.Release|Any CPU.Build.0 = Release|Any CPU
		{D08051E8-4BAC-451B-AF36-01BB330FC58A}.Debug|Any CPU.ActiveCfg = Debug|Any CPU
		{D08051E8-4BAC-451B-AF36-01BB330FC58A}.Debug|Any CPU.Build.0 = Debug|Any CPU
		{D08051E8-4BAC-451B-AF36-01BB330FC58A}.Release|Any CPU.ActiveCfg = Release|Any CPU
		{D08051E8-4BAC-451B-AF36-01BB330FC58A}.Release|Any CPU.Build.0 = Release|Any CPU
		{81BC4EFD-8ECE-4C5D-9A4A-1E320475875F}.Debug|Any CPU.ActiveCfg = Debug|Any CPU
		{81BC4EFD-8ECE-4C5D-9A4A-1E320475875F}.Debug|Any CPU.Build.0 = Debug|Any CPU
		{81BC4EFD-8ECE-4C5D-9A4A-1E320475875F}.Release|Any CPU.ActiveCfg = Release|Any CPU
		{81BC4EFD-8ECE-4C5D-9A4A-1E320475875F}.Release|Any CPU.Build.0 = Release|Any CPU
	EndGlobalSection
	GlobalSection(SolutionProperties) = preSolution
		HideSolutionNode = FALSE
	EndGlobalSection
	GlobalSection(NestedProjects) = preSolution
		{44295F1F-427A-49C9-AC40-4803F457309D} = {BB2EDC62-6294-4E0D-B605-EF24AF2B5BA4}
		{8F2A9948-2001-4283-B139-40A2756993D3} = {367CD7F9-D461-42D8-9DC0-DC673A8B23BA}
		{281C301D-24C9-455D-BEE5-73C022F63492} = {BB2EDC62-6294-4E0D-B605-EF24AF2B5BA4}
		{CE580584-AF08-4150-8C0C-7DFCD6A70EC9} = {BB2EDC62-6294-4E0D-B605-EF24AF2B5BA4}
		{C96F85C9-11AE-49E7-A83C-8A4754704BEB} = {BB2EDC62-6294-4E0D-B605-EF24AF2B5BA4}
		{D08051E8-4BAC-451B-AF36-01BB330FC58A} = {750E99F8-392E-4B01-8507-6DCFD4186564}
		{81BC4EFD-8ECE-4C5D-9A4A-1E320475875F} = {BB2EDC62-6294-4E0D-B605-EF24AF2B5BA4}
	EndGlobalSection
	GlobalSection(ExtensibilityGlobals) = postSolution
		SolutionGuid = {5B0563B8-7E59-4538-AE24-82F8D1300AD6}
	EndGlobalSection
EndGlobal
